# THIS IS AN AUTOGENERATED FILE. DO NOT EDIT THIS FILE DIRECTLY.
# yarn lockfile v1


"@babel/code-frame@^7.0.0":
  "resolved" "https://registry.npmjs.org/@babel/code-frame/-/code-frame-7.0.0.tgz"
  "version" "7.0.0"
  dependencies:
    "@babel/highlight" "^7.0.0"

"@babel/highlight@^7.0.0":
  "resolved" "https://registry.npmjs.org/@babel/highlight/-/highlight-7.0.0.tgz"
  "version" "7.0.0"
  dependencies:
    "chalk" "^2.0.0"
    "esutils" "^2.0.2"
    "js-tokens" "^4.0.0"

"@pixi/canvas-extract@^5.0.0-rc.3":
  "integrity" "sha512-gYB++nF3L96RPB0xwaAZUF+MVNe+fx5i86w66EBtJtlUcRLbH/XuMlZ8AwXu3Nyi4uvdBy2wh8/bGfi/chGvYA=="
  "resolved" "https://registry.npmjs.org/@pixi/canvas-extract/-/canvas-extract-5.0.0-rc.3.tgz"
  "version" "5.0.0-rc.3"
  dependencies:
    "@pixi/core" "^5.0.0-rc.3"
    "@pixi/math" "^5.0.0-rc.3"
    "@pixi/utils" "^5.0.0-rc.3"

"@pixi/constants@^5.0.0-rc.3":
  "integrity" "sha512-PrMmpD6EcQpwx4UkPnYcPuk63oqW3LG2Y+gFMEWVO0nBrkVw0JY/5uwJ9wRz0AiQotFdpd/AmMC3mZl8y1l7jw=="
  "resolved" "https://registry.npmjs.org/@pixi/constants/-/constants-5.0.0-rc.3.tgz"
  "version" "5.0.0-rc.3"

"@pixi/core@^5.0.0-rc.3":
  "integrity" "sha512-NuDKTmFkFEBYNKykT7BfpxmJdh5Cn3tmPVGvY/31LYvmo7XwYd6BEOOPL8RPJ/eaxPhPd6mRCeU9rmzPXQHA0g=="
  "resolved" "https://registry.npmjs.org/@pixi/core/-/core-5.0.0-rc.3.tgz"
  "version" "5.0.0-rc.3"
  dependencies:
    "@pixi/constants" "^5.0.0-rc.3"
    "@pixi/display" "^5.0.0-rc.3"
    "@pixi/math" "^5.0.0-rc.3"
    "@pixi/runner" "^5.0.0-rc.3"
    "@pixi/settings" "^5.0.0-rc.3"
    "@pixi/ticker" "^5.0.0-rc.3"
    "@pixi/utils" "^5.0.0-rc.3"

"@pixi/display@^5.0.0-rc.3":
  "integrity" "sha512-lIcQeNH345FUTKcQDlsswLR1WBCwsUePqCXboB3YbDgH1O87kzNOMOM3UajKevZZY+dFUGPn+81EhazLDY/4dA=="
  "resolved" "https://registry.npmjs.org/@pixi/display/-/display-5.0.0-rc.3.tgz"
  "version" "5.0.0-rc.3"
  dependencies:
    "@pixi/math" "^5.0.0-rc.3"
    "@pixi/settings" "^5.0.0-rc.3"
    "@pixi/utils" "^5.0.0-rc.3"

"@pixi/extract@^5.0.0-rc.3":
  "integrity" "sha512-6M5QV7PeQVzt3CjwZV+G9VU96s3PWBZVairrK6SHz1UF5l+2b7+fSiGksaZtPQGc+C9UAcITvtcSGGSJk+aHqw=="
  "resolved" "https://registry.npmjs.org/@pixi/extract/-/extract-5.0.0-rc.3.tgz"
  "version" "5.0.0-rc.3"
  dependencies:
    "@pixi/core" "^5.0.0-rc.3"
    "@pixi/math" "^5.0.0-rc.3"
    "@pixi/utils" "^5.0.0-rc.3"

"@pixi/math@^5.0.0-rc.3":
  "integrity" "sha512-of/s2hHwTAN4wOxnLYQDIJftWFJgZ+S24U5N/fP6RHs6OQyegOX3q7f9uvwa+c6ssFNzGpPIF0Df7U2yKZdPFQ=="
  "resolved" "https://registry.npmjs.org/@pixi/math/-/math-5.0.0-rc.3.tgz"
  "version" "5.0.0-rc.3"

"@pixi/runner@^5.0.0-rc.3":
  "integrity" "sha512-Fk727Q2Pn8whUclbDima0uQDnmrjMQJ0SIN+3N2E7qe38RWKt4cXHVqzmIKsLVGmTnONPvuyVmEKAy9476u/Fw=="
  "resolved" "https://registry.npmjs.org/@pixi/runner/-/runner-5.0.0-rc.3.tgz"
  "version" "5.0.0-rc.3"

"@pixi/settings@^5.0.0-rc.3":
  "integrity" "sha512-brvJZMaeFMW3OKRZrFVG/I6PkES8N8euo7dmEoA/buDGimxSFBC0F8mbMgDHvI9DJ/YZxiCnYfBA6W/A+PPliQ=="
  "resolved" "https://registry.npmjs.org/@pixi/settings/-/settings-5.0.0-rc.3.tgz"
  "version" "5.0.0-rc.3"
  dependencies:
    "ismobilejs" "^0.5.1"

"@pixi/ticker@^5.0.0-rc.3":
  "integrity" "sha512-FmWeMKyOb/TUEREpaeLVH3ZDs/NIEdIkB5+Yl3quXMFLhTBYxvecXkpRomEOsKGUOdQgoucsHlXk39sybsioHQ=="
  "resolved" "https://registry.npmjs.org/@pixi/ticker/-/ticker-5.0.0-rc.3.tgz"
  "version" "5.0.0-rc.3"
  dependencies:
    "@pixi/settings" "^5.0.0-rc.3"

"@pixi/utils@^5.0.0-rc.3":
  "integrity" "sha512-vRrm4pfr6ROspMYKc95NAUjpFyyFLwvhlGu7z81LGbrGoR+BfWhO/BSh6RmKdz0HcFXIkZkBik10+zDHJmKybA=="
  "resolved" "https://registry.npmjs.org/@pixi/utils/-/utils-5.0.0-rc.3.tgz"
  "version" "5.0.0-rc.3"
  dependencies:
    "@pixi/constants" "^5.0.0-rc.3"
    "@pixi/settings" "^5.0.0-rc.3"
    "earcut" "^2.1.3"
    "eventemitter3" "^3.1.0"
    "url" "^0.11.0"

"acorn-jsx@^5.0.0":
  "resolved" "https://registry.npmjs.org/acorn-jsx/-/acorn-jsx-5.0.1.tgz"
  "version" "5.0.1"

"acorn@^6.0.0", "acorn@^6.0.7":
  "resolved" "https://registry.npmjs.org/acorn/-/acorn-6.1.1.tgz"
  "version" "6.1.1"

"ajv@^6.9.1":
  "resolved" "https://registry.npmjs.org/ajv/-/ajv-6.10.0.tgz"
  "version" "6.10.0"
  dependencies:
    "fast-deep-equal" "^2.0.1"
    "fast-json-stable-stringify" "^2.0.0"
    "json-schema-traverse" "^0.4.1"
    "uri-js" "^4.2.2"

"ansi-escapes@^3.2.0":
  "resolved" "https://registry.npmjs.org/ansi-escapes/-/ansi-escapes-3.2.0.tgz"
  "version" "3.2.0"

"ansi-regex@^3.0.0":
  "resolved" "https://registry.npmjs.org/ansi-regex/-/ansi-regex-3.0.0.tgz"
  "version" "3.0.0"

"ansi-regex@^4.1.0":
  "resolved" "https://registry.npmjs.org/ansi-regex/-/ansi-regex-4.1.0.tgz"
  "version" "4.1.0"

"ansi-styles@^3.2.0", "ansi-styles@^3.2.1":
  "resolved" "https://registry.npmjs.org/ansi-styles/-/ansi-styles-3.2.1.tgz"
  "version" "3.2.1"
  dependencies:
    "color-convert" "^1.9.0"

"argparse@^1.0.7":
  "resolved" "https://registry.npmjs.org/argparse/-/argparse-1.0.10.tgz"
  "version" "1.0.10"
  dependencies:
    "sprintf-js" "~1.0.2"

"astral-regex@^1.0.0":
  "resolved" "https://registry.npmjs.org/astral-regex/-/astral-regex-1.0.0.tgz"
  "version" "1.0.0"

"balanced-match@^1.0.0":
  "resolved" "https://registry.npmjs.org/balanced-match/-/balanced-match-1.0.0.tgz"
  "version" "1.0.0"

"bit-twiddle@^1.0.2":
  "resolved" "https://registry.npmjs.org/bit-twiddle/-/bit-twiddle-1.0.2.tgz"
  "version" "1.0.2"

"brace-expansion@^1.1.7":
  "resolved" "https://registry.npmjs.org/brace-expansion/-/brace-expansion-1.1.11.tgz"
  "version" "1.1.11"
  dependencies:
    "balanced-match" "^1.0.0"
    "concat-map" "0.0.1"

"callsites@^3.0.0":
  "resolved" "https://registry.npmjs.org/callsites/-/callsites-3.0.0.tgz"
  "version" "3.0.0"

"chalk@^2.0.0", "chalk@^2.1.0", "chalk@^2.4.2":
  "resolved" "https://registry.npmjs.org/chalk/-/chalk-2.4.2.tgz"
  "version" "2.4.2"
  dependencies:
    "ansi-styles" "^3.2.1"
    "escape-string-regexp" "^1.0.5"
    "supports-color" "^5.3.0"

"chardet@^0.7.0":
  "resolved" "https://registry.npmjs.org/chardet/-/chardet-0.7.0.tgz"
  "version" "0.7.0"

"cli-cursor@^2.1.0":
  "resolved" "https://registry.npmjs.org/cli-cursor/-/cli-cursor-2.1.0.tgz"
  "version" "2.1.0"
  dependencies:
    "restore-cursor" "^2.0.0"

"cli-width@^2.0.0":
  "resolved" "https://registry.npmjs.org/cli-width/-/cli-width-2.2.0.tgz"
  "version" "2.2.0"

"color-convert@^1.9.0":
  "resolved" "https://registry.npmjs.org/color-convert/-/color-convert-1.9.3.tgz"
  "version" "1.9.3"
  dependencies:
    "color-name" "1.1.3"

"color-name@1.1.3":
  "resolved" "https://registry.npmjs.org/color-name/-/color-name-1.1.3.tgz"
  "version" "1.1.3"

"concat-map@0.0.1":
  "resolved" "https://registry.npmjs.org/concat-map/-/concat-map-0.0.1.tgz"
  "version" "0.0.1"

"contains-path@^0.1.0":
  "resolved" "https://registry.npmjs.org/contains-path/-/contains-path-0.1.0.tgz"
  "version" "0.1.0"

"cross-spawn@^6.0.5":
  "resolved" "https://registry.npmjs.org/cross-spawn/-/cross-spawn-6.0.5.tgz"
  "version" "6.0.5"
  dependencies:
    "nice-try" "^1.0.4"
    "path-key" "^2.0.1"
    "semver" "^5.5.0"
    "shebang-command" "^1.2.0"
    "which" "^1.2.9"

"debug@^2.6.8", "debug@^2.6.9":
  "resolved" "https://registry.npmjs.org/debug/-/debug-2.6.9.tgz"
  "version" "2.6.9"
  dependencies:
    "ms" "2.0.0"

"debug@^4.0.1":
  "resolved" "https://registry.npmjs.org/debug/-/debug-4.1.1.tgz"
  "version" "4.1.1"
  dependencies:
    "ms" "^2.1.1"

"deep-is@~0.1.3":
  "resolved" "https://registry.npmjs.org/deep-is/-/deep-is-0.1.3.tgz"
  "version" "0.1.3"

"define-properties@^1.1.2", "define-properties@^1.1.3":
  "resolved" "https://registry.npmjs.org/define-properties/-/define-properties-1.1.3.tgz"
  "version" "1.1.3"
  dependencies:
    "object-keys" "^1.0.12"

"doctrine@^3.0.0":
  "resolved" "https://registry.npmjs.org/doctrine/-/doctrine-3.0.0.tgz"
  "version" "3.0.0"
  dependencies:
    "esutils" "^2.0.2"

"doctrine@1.5.0":
  "resolved" "https://registry.npmjs.org/doctrine/-/doctrine-1.5.0.tgz"
  "version" "1.5.0"
  dependencies:
    "esutils" "^2.0.2"
    "isarray" "^1.0.0"

"earcut@^2.1.3", "earcut@^2.1.4":
  "resolved" "https://registry.npmjs.org/earcut/-/earcut-2.1.5.tgz"
  "version" "2.1.5"

"emoji-regex@^7.0.1":
  "resolved" "https://registry.npmjs.org/emoji-regex/-/emoji-regex-7.0.3.tgz"
  "version" "7.0.3"

"error-ex@^1.2.0":
  "resolved" "https://registry.npmjs.org/error-ex/-/error-ex-1.3.2.tgz"
  "version" "1.3.2"
  dependencies:
    "is-arrayish" "^0.2.1"

"es-abstract@^1.12.0":
  "resolved" "https://registry.npmjs.org/es-abstract/-/es-abstract-1.13.0.tgz"
  "version" "1.13.0"
  dependencies:
    "es-to-primitive" "^1.2.0"
    "function-bind" "^1.1.1"
    "has" "^1.0.3"
    "is-callable" "^1.1.4"
    "is-regex" "^1.0.4"
    "object-keys" "^1.0.12"

"es-to-primitive@^1.2.0":
  "resolved" "https://registry.npmjs.org/es-to-primitive/-/es-to-primitive-1.2.0.tgz"
  "version" "1.2.0"
  dependencies:
    "is-callable" "^1.1.4"
    "is-date-object" "^1.0.1"
    "is-symbol" "^1.0.2"

"escape-string-regexp@^1.0.5":
  "resolved" "https://registry.npmjs.org/escape-string-regexp/-/escape-string-regexp-1.0.5.tgz"
  "version" "1.0.5"

"eslint-config-airbnb-base@^13.1.0":
  "resolved" "https://registry.npmjs.org/eslint-config-airbnb-base/-/eslint-config-airbnb-base-13.1.0.tgz"
  "version" "13.1.0"
  dependencies:
    "eslint-restricted-globals" "^0.1.1"
    "object.assign" "^4.1.0"
    "object.entries" "^1.0.4"

"eslint-config-google@^0.12.0":
  "resolved" "https://registry.npmjs.org/eslint-config-google/-/eslint-config-google-0.12.0.tgz"
  "version" "0.12.0"

"eslint-config-standard@^12.0.0":
  "resolved" "https://registry.npmjs.org/eslint-config-standard/-/eslint-config-standard-12.0.0.tgz"
  "version" "12.0.0"

"eslint-import-resolver-node@^0.3.2":
  "resolved" "https://registry.npmjs.org/eslint-import-resolver-node/-/eslint-import-resolver-node-0.3.2.tgz"
  "version" "0.3.2"
  dependencies:
    "debug" "^2.6.9"
    "resolve" "^1.5.0"

"eslint-module-utils@^2.3.0":
  "resolved" "https://registry.npmjs.org/eslint-module-utils/-/eslint-module-utils-2.3.0.tgz"
  "version" "2.3.0"
  dependencies:
    "debug" "^2.6.8"
    "pkg-dir" "^2.0.0"

"eslint-plugin-es@^1.3.1":
  "resolved" "https://registry.npmjs.org/eslint-plugin-es/-/eslint-plugin-es-1.4.0.tgz"
  "version" "1.4.0"
  dependencies:
    "eslint-utils" "^1.3.0"
    "regexpp" "^2.0.1"

"eslint-plugin-import@^2.14.0", "eslint-plugin-import@^2.16.0", "eslint-plugin-import@>=2.13.0":
  "resolved" "https://registry.npmjs.org/eslint-plugin-import/-/eslint-plugin-import-2.16.0.tgz"
  "version" "2.16.0"
  dependencies:
    "contains-path" "^0.1.0"
    "debug" "^2.6.9"
    "doctrine" "1.5.0"
    "eslint-import-resolver-node" "^0.3.2"
    "eslint-module-utils" "^2.3.0"
    "has" "^1.0.3"
    "lodash" "^4.17.11"
    "minimatch" "^3.0.4"
    "read-pkg-up" "^2.0.0"
    "resolve" "^1.9.0"

"eslint-plugin-node@^8.0.1", "eslint-plugin-node@>=7.0.0":
  "resolved" "https://registry.npmjs.org/eslint-plugin-node/-/eslint-plugin-node-8.0.1.tgz"
  "version" "8.0.1"
  dependencies:
    "eslint-plugin-es" "^1.3.1"
    "eslint-utils" "^1.3.1"
    "ignore" "^5.0.2"
    "minimatch" "^3.0.4"
    "resolve" "^1.8.1"
    "semver" "^5.5.0"

"eslint-plugin-promise@^4.0.1", "eslint-plugin-promise@>=4.0.0":
  "resolved" "https://registry.npmjs.org/eslint-plugin-promise/-/eslint-plugin-promise-4.0.1.tgz"
  "version" "4.0.1"

"eslint-plugin-standard@^4.0.0", "eslint-plugin-standard@>=4.0.0":
  "resolved" "https://registry.npmjs.org/eslint-plugin-standard/-/eslint-plugin-standard-4.0.0.tgz"
  "version" "4.0.0"

"eslint-restricted-globals@^0.1.1":
  "resolved" "https://registry.npmjs.org/eslint-restricted-globals/-/eslint-restricted-globals-0.1.1.tgz"
  "version" "0.1.1"

"eslint-scope@^4.0.3":
  "resolved" "https://registry.npmjs.org/eslint-scope/-/eslint-scope-4.0.3.tgz"
  "version" "4.0.3"
  dependencies:
    "esrecurse" "^4.1.0"
    "estraverse" "^4.1.1"

"eslint-utils@^1.3.0", "eslint-utils@^1.3.1":
  "resolved" "https://registry.npmjs.org/eslint-utils/-/eslint-utils-1.3.1.tgz"
  "version" "1.3.1"

"eslint-visitor-keys@^1.0.0":
  "resolved" "https://registry.npmjs.org/eslint-visitor-keys/-/eslint-visitor-keys-1.0.0.tgz"
  "version" "1.0.0"

"eslint@^4.19.1 || ^5.3.0", "eslint@^5.15.3", "eslint@>=4.19.1", "eslint@>=5.0.0", "eslint@>=5.4.0", "eslint@2.x - 5.x":
  "resolved" "https://registry.npmjs.org/eslint/-/eslint-5.15.3.tgz"
  "version" "5.15.3"
  dependencies:
    "@babel/code-frame" "^7.0.0"
    "ajv" "^6.9.1"
    "chalk" "^2.1.0"
    "cross-spawn" "^6.0.5"
    "debug" "^4.0.1"
    "doctrine" "^3.0.0"
    "eslint-scope" "^4.0.3"
    "eslint-utils" "^1.3.1"
    "eslint-visitor-keys" "^1.0.0"
    "espree" "^5.0.1"
    "esquery" "^1.0.1"
    "esutils" "^2.0.2"
    "file-entry-cache" "^5.0.1"
    "functional-red-black-tree" "^1.0.1"
    "glob" "^7.1.2"
    "globals" "^11.7.0"
    "ignore" "^4.0.6"
    "import-fresh" "^3.0.0"
    "imurmurhash" "^0.1.4"
    "inquirer" "^6.2.2"
    "js-yaml" "^3.12.0"
    "json-stable-stringify-without-jsonify" "^1.0.1"
    "levn" "^0.3.0"
    "lodash" "^4.17.11"
    "minimatch" "^3.0.4"
    "mkdirp" "^0.5.1"
    "natural-compare" "^1.4.0"
    "optionator" "^0.8.2"
    "path-is-inside" "^1.0.2"
    "progress" "^2.0.0"
    "regexpp" "^2.0.1"
    "semver" "^5.5.1"
    "strip-ansi" "^4.0.0"
    "strip-json-comments" "^2.0.1"
    "table" "^5.2.3"
    "text-table" "^0.2.0"

"espree@^5.0.1":
  "resolved" "https://registry.npmjs.org/espree/-/espree-5.0.1.tgz"
  "version" "5.0.1"
  dependencies:
    "acorn" "^6.0.7"
    "acorn-jsx" "^5.0.0"
    "eslint-visitor-keys" "^1.0.0"

"esprima@^4.0.0":
  "resolved" "https://registry.npmjs.org/esprima/-/esprima-4.0.1.tgz"
  "version" "4.0.1"

"esquery@^1.0.1":
  "resolved" "https://registry.npmjs.org/esquery/-/esquery-1.0.1.tgz"
  "version" "1.0.1"
  dependencies:
    "estraverse" "^4.0.0"

"esrecurse@^4.1.0":
  "resolved" "https://registry.npmjs.org/esrecurse/-/esrecurse-4.2.1.tgz"
  "version" "4.2.1"
  dependencies:
    "estraverse" "^4.1.0"

"estraverse@^4.0.0", "estraverse@^4.1.0", "estraverse@^4.1.1":
  "resolved" "https://registry.npmjs.org/estraverse/-/estraverse-4.2.0.tgz"
  "version" "4.2.0"

"esutils@^2.0.2":
  "resolved" "https://registry.npmjs.org/esutils/-/esutils-2.0.2.tgz"
  "version" "2.0.2"

"eventemitter3@^2.0.0":
  "resolved" "https://registry.npmjs.org/eventemitter3/-/eventemitter3-2.0.3.tgz"
  "version" "2.0.3"

"eventemitter3@^3.1.0":
  "integrity" "sha512-ivIvhpq/Y0uSjcHDcOIccjmYjGLcP09MFGE7ysAwkAvkXfpZlC985pH2/ui64DKazbTW/4kN3yqozUxlXzI6cA=="
  "resolved" "https://registry.npmjs.org/eventemitter3/-/eventemitter3-3.1.0.tgz"
  "version" "3.1.0"

"external-editor@^3.0.3":
  "resolved" "https://registry.npmjs.org/external-editor/-/external-editor-3.0.3.tgz"
  "version" "3.0.3"
  dependencies:
    "chardet" "^0.7.0"
    "iconv-lite" "^0.4.24"
    "tmp" "^0.0.33"

"fast-deep-equal@^2.0.1":
  "resolved" "https://registry.npmjs.org/fast-deep-equal/-/fast-deep-equal-2.0.1.tgz"
  "version" "2.0.1"

"fast-json-stable-stringify@^2.0.0":
  "resolved" "https://registry.npmjs.org/fast-json-stable-stringify/-/fast-json-stable-stringify-2.0.0.tgz"
  "version" "2.0.0"

"fast-levenshtein@~2.0.4":
  "resolved" "https://registry.npmjs.org/fast-levenshtein/-/fast-levenshtein-2.0.6.tgz"
  "version" "2.0.6"

"figures@^2.0.0":
  "resolved" "https://registry.npmjs.org/figures/-/figures-2.0.0.tgz"
  "version" "2.0.0"
  dependencies:
    "escape-string-regexp" "^1.0.5"

"file-entry-cache@^5.0.1":
  "resolved" "https://registry.npmjs.org/file-entry-cache/-/file-entry-cache-5.0.1.tgz"
  "version" "5.0.1"
  dependencies:
    "flat-cache" "^2.0.1"

"find-up@^2.0.0", "find-up@^2.1.0":
  "resolved" "https://registry.npmjs.org/find-up/-/find-up-2.1.0.tgz"
  "version" "2.1.0"
  dependencies:
    "locate-path" "^2.0.0"

"flat-cache@^2.0.1":
  "resolved" "https://registry.npmjs.org/flat-cache/-/flat-cache-2.0.1.tgz"
  "version" "2.0.1"
  dependencies:
    "flatted" "^2.0.0"
    "rimraf" "2.6.3"
    "write" "1.0.3"

"flatted@^2.0.0":
  "resolved" "https://registry.npmjs.org/flatted/-/flatted-2.0.0.tgz"
  "version" "2.0.0"

"fs.realpath@^1.0.0":
  "resolved" "https://registry.npmjs.org/fs.realpath/-/fs.realpath-1.0.0.tgz"
  "version" "1.0.0"

"function-bind@^1.1.1":
  "resolved" "https://registry.npmjs.org/function-bind/-/function-bind-1.1.1.tgz"
  "version" "1.1.1"

"functional-red-black-tree@^1.0.1":
  "resolved" "https://registry.npmjs.org/functional-red-black-tree/-/functional-red-black-tree-1.0.1.tgz"
  "version" "1.0.1"

"glob@^7.1.2", "glob@^7.1.3":
  "resolved" "https://registry.npmjs.org/glob/-/glob-7.1.3.tgz"
  "version" "7.1.3"
  dependencies:
    "fs.realpath" "^1.0.0"
    "inflight" "^1.0.4"
    "inherits" "2"
    "minimatch" "^3.0.4"
    "once" "^1.3.0"
    "path-is-absolute" "^1.0.0"

"globals@^11.7.0":
  "resolved" "https://registry.npmjs.org/globals/-/globals-11.11.0.tgz"
  "version" "11.11.0"

"graceful-fs@^4.1.2":
  "resolved" "https://registry.npmjs.org/graceful-fs/-/graceful-fs-4.1.15.tgz"
  "version" "4.1.15"

"has-flag@^3.0.0":
  "resolved" "https://registry.npmjs.org/has-flag/-/has-flag-3.0.0.tgz"
  "version" "3.0.0"

"has-symbols@^1.0.0":
  "resolved" "https://registry.npmjs.org/has-symbols/-/has-symbols-1.0.0.tgz"
  "version" "1.0.0"

"has@^1.0.1", "has@^1.0.3":
  "resolved" "https://registry.npmjs.org/has/-/has-1.0.3.tgz"
  "version" "1.0.3"
  dependencies:
    "function-bind" "^1.1.1"

"heap@0.2.5":
  "resolved" "https://registry.npmjs.org/heap/-/heap-0.2.5.tgz"
  "version" "0.2.5"

"hosted-git-info@^2.1.4":
  "resolved" "https://registry.npmjs.org/hosted-git-info/-/hosted-git-info-2.7.1.tgz"
  "version" "2.7.1"

"iconv-lite@^0.4.24":
  "resolved" "https://registry.npmjs.org/iconv-lite/-/iconv-lite-0.4.24.tgz"
  "version" "0.4.24"
  dependencies:
    "safer-buffer" ">= 2.1.2 < 3"

"ignore@^4.0.6":
  "resolved" "https://registry.npmjs.org/ignore/-/ignore-4.0.6.tgz"
  "version" "4.0.6"

"ignore@^5.0.2":
  "resolved" "https://registry.npmjs.org/ignore/-/ignore-5.0.6.tgz"
  "version" "5.0.6"

"import-fresh@^3.0.0":
  "resolved" "https://registry.npmjs.org/import-fresh/-/import-fresh-3.0.0.tgz"
  "version" "3.0.0"
  dependencies:
    "parent-module" "^1.0.0"
    "resolve-from" "^4.0.0"

"imurmurhash@^0.1.4":
  "resolved" "https://registry.npmjs.org/imurmurhash/-/imurmurhash-0.1.4.tgz"
  "version" "0.1.4"

"inflight@^1.0.4":
  "resolved" "https://registry.npmjs.org/inflight/-/inflight-1.0.6.tgz"
  "version" "1.0.6"
  dependencies:
    "once" "^1.3.0"
    "wrappy" "1"

"inherits@2":
  "resolved" "https://registry.npmjs.org/inherits/-/inherits-2.0.3.tgz"
  "version" "2.0.3"

"inquirer@^6.2.2":
  "resolved" "https://registry.npmjs.org/inquirer/-/inquirer-6.2.2.tgz"
  "version" "6.2.2"
  dependencies:
    "ansi-escapes" "^3.2.0"
    "chalk" "^2.4.2"
    "cli-cursor" "^2.1.0"
    "cli-width" "^2.0.0"
    "external-editor" "^3.0.3"
    "figures" "^2.0.0"
    "lodash" "^4.17.11"
    "mute-stream" "0.0.7"
    "run-async" "^2.2.0"
    "rxjs" "^6.4.0"
    "string-width" "^2.1.0"
    "strip-ansi" "^5.0.0"
    "through" "^2.3.6"

"is-arrayish@^0.2.1":
  "resolved" "https://registry.npmjs.org/is-arrayish/-/is-arrayish-0.2.1.tgz"
  "version" "0.2.1"

"is-callable@^1.1.4":
  "resolved" "https://registry.npmjs.org/is-callable/-/is-callable-1.1.4.tgz"
  "version" "1.1.4"

"is-date-object@^1.0.1":
  "resolved" "https://registry.npmjs.org/is-date-object/-/is-date-object-1.0.1.tgz"
  "version" "1.0.1"

"is-fullwidth-code-point@^2.0.0":
  "resolved" "https://registry.npmjs.org/is-fullwidth-code-point/-/is-fullwidth-code-point-2.0.0.tgz"
  "version" "2.0.0"

"is-promise@^2.1.0":
  "resolved" "https://registry.npmjs.org/is-promise/-/is-promise-2.1.0.tgz"
  "version" "2.1.0"

"is-regex@^1.0.4":
  "resolved" "https://registry.npmjs.org/is-regex/-/is-regex-1.0.4.tgz"
  "version" "1.0.4"
  dependencies:
    "has" "^1.0.1"

"is-symbol@^1.0.2":
  "resolved" "https://registry.npmjs.org/is-symbol/-/is-symbol-1.0.2.tgz"
  "version" "1.0.2"
  dependencies:
    "has-symbols" "^1.0.0"

"isarray@^1.0.0":
  "resolved" "https://registry.npmjs.org/isarray/-/isarray-1.0.0.tgz"
  "version" "1.0.0"

"isexe@^2.0.0":
  "resolved" "https://registry.npmjs.org/isexe/-/isexe-2.0.0.tgz"
  "version" "2.0.0"

"ismobilejs@^0.5.1":
  "resolved" "https://registry.npmjs.org/ismobilejs/-/ismobilejs-0.5.1.tgz"
  "version" "0.5.1"

"js-tokens@^4.0.0":
  "resolved" "https://registry.npmjs.org/js-tokens/-/js-tokens-4.0.0.tgz"
  "version" "4.0.0"

"js-yaml@^3.12.0":
  "resolved" "https://registry.npmjs.org/js-yaml/-/js-yaml-3.13.0.tgz"
  "version" "3.13.0"
  dependencies:
    "argparse" "^1.0.7"
    "esprima" "^4.0.0"

"json-schema-traverse@^0.4.1":
  "resolved" "https://registry.npmjs.org/json-schema-traverse/-/json-schema-traverse-0.4.1.tgz"
  "version" "0.4.1"

"json-stable-stringify-without-jsonify@^1.0.1":
  "resolved" "https://registry.npmjs.org/json-stable-stringify-without-jsonify/-/json-stable-stringify-without-jsonify-1.0.1.tgz"
  "version" "1.0.1"

"levn@^0.3.0", "levn@~0.3.0":
  "resolved" "https://registry.npmjs.org/levn/-/levn-0.3.0.tgz"
  "version" "0.3.0"
  dependencies:
    "prelude-ls" "~1.1.2"
    "type-check" "~0.3.2"

"load-json-file@^2.0.0":
  "resolved" "https://registry.npmjs.org/load-json-file/-/load-json-file-2.0.0.tgz"
  "version" "2.0.0"
  dependencies:
    "graceful-fs" "^4.1.2"
    "parse-json" "^2.2.0"
    "pify" "^2.0.0"
    "strip-bom" "^3.0.0"

"locate-path@^2.0.0":
  "resolved" "https://registry.npmjs.org/locate-path/-/locate-path-2.0.0.tgz"
  "version" "2.0.0"
  dependencies:
    "p-locate" "^2.0.0"
    "path-exists" "^3.0.0"

"lodash@^4.17.11":
  "resolved" "https://registry.npmjs.org/lodash/-/lodash-4.17.11.tgz"
  "version" "4.17.11"

"mainloop.js@^1.0.4":
  "resolved" "https://registry.npmjs.org/mainloop.js/-/mainloop.js-1.0.4.tgz"
  "version" "1.0.4"

"mimic-fn@^1.0.0":
  "resolved" "https://registry.npmjs.org/mimic-fn/-/mimic-fn-1.2.0.tgz"
  "version" "1.2.0"

"mini-signals@^1.1.1":
  "resolved" "https://registry.npmjs.org/mini-signals/-/mini-signals-1.2.0.tgz"
  "version" "1.2.0"

"minimatch@^3.0.4":
  "resolved" "https://registry.npmjs.org/minimatch/-/minimatch-3.0.4.tgz"
  "version" "3.0.4"
  dependencies:
    "brace-expansion" "^1.1.7"

"minimist@0.0.8":
  "resolved" "https://registry.npmjs.org/minimist/-/minimist-0.0.8.tgz"
  "version" "0.0.8"

"mkdirp@^0.5.1":
  "resolved" "https://registry.npmjs.org/mkdirp/-/mkdirp-0.5.1.tgz"
  "version" "0.5.1"
  dependencies:
    "minimist" "0.0.8"

"ms@^2.1.1":
  "resolved" "https://registry.npmjs.org/ms/-/ms-2.1.1.tgz"
  "version" "2.1.1"

"ms@2.0.0":
  "resolved" "https://registry.npmjs.org/ms/-/ms-2.0.0.tgz"
  "version" "2.0.0"

"mute-stream@0.0.7":
  "resolved" "https://registry.npmjs.org/mute-stream/-/mute-stream-0.0.7.tgz"
  "version" "0.0.7"

"natural-compare@^1.4.0":
  "resolved" "https://registry.npmjs.org/natural-compare/-/natural-compare-1.4.0.tgz"
  "version" "1.4.0"

"nice-try@^1.0.4":
  "resolved" "https://registry.npmjs.org/nice-try/-/nice-try-1.0.5.tgz"
  "version" "1.0.5"

"normalize-package-data@^2.3.2":
  "resolved" "https://registry.npmjs.org/normalize-package-data/-/normalize-package-data-2.5.0.tgz"
  "version" "2.5.0"
  dependencies:
    "hosted-git-info" "^2.1.4"
    "resolve" "^1.10.0"
    "semver" "2 || 3 || 4 || 5"
    "validate-npm-package-license" "^3.0.1"

"object-assign@^4.0.1":
  "resolved" "https://registry.npmjs.org/object-assign/-/object-assign-4.1.1.tgz"
  "version" "4.1.1"

"object-keys@^1.0.11", "object-keys@^1.0.12":
  "resolved" "https://registry.npmjs.org/object-keys/-/object-keys-1.1.0.tgz"
  "version" "1.1.0"

"object.assign@^4.1.0":
  "resolved" "https://registry.npmjs.org/object.assign/-/object.assign-4.1.0.tgz"
  "version" "4.1.0"
  dependencies:
    "define-properties" "^1.1.2"
    "function-bind" "^1.1.1"
    "has-symbols" "^1.0.0"
    "object-keys" "^1.0.11"

"object.entries@^1.0.4":
  "resolved" "https://registry.npmjs.org/object.entries/-/object.entries-1.1.0.tgz"
  "version" "1.1.0"
  dependencies:
    "define-properties" "^1.1.3"
    "es-abstract" "^1.12.0"
    "function-bind" "^1.1.1"
    "has" "^1.0.3"

"once@^1.3.0":
  "resolved" "https://registry.npmjs.org/once/-/once-1.4.0.tgz"
  "version" "1.4.0"
  dependencies:
    "wrappy" "1"

"onetime@^2.0.0":
  "resolved" "https://registry.npmjs.org/onetime/-/onetime-2.0.1.tgz"
  "version" "2.0.1"
  dependencies:
    "mimic-fn" "^1.0.0"

"optionator@^0.8.2":
  "resolved" "https://registry.npmjs.org/optionator/-/optionator-0.8.2.tgz"
  "version" "0.8.2"
  dependencies:
    "deep-is" "~0.1.3"
    "fast-levenshtein" "~2.0.4"
    "levn" "~0.3.0"
    "prelude-ls" "~1.1.2"
    "type-check" "~0.3.2"
    "wordwrap" "~1.0.0"

"os-tmpdir@~1.0.2":
  "resolved" "https://registry.npmjs.org/os-tmpdir/-/os-tmpdir-1.0.2.tgz"
  "version" "1.0.2"

"p-limit@^1.1.0":
  "resolved" "https://registry.npmjs.org/p-limit/-/p-limit-1.3.0.tgz"
  "version" "1.3.0"
  dependencies:
    "p-try" "^1.0.0"

"p-locate@^2.0.0":
  "resolved" "https://registry.npmjs.org/p-locate/-/p-locate-2.0.0.tgz"
  "version" "2.0.0"
  dependencies:
    "p-limit" "^1.1.0"

"p-try@^1.0.0":
  "resolved" "https://registry.npmjs.org/p-try/-/p-try-1.0.0.tgz"
  "version" "1.0.0"

"parent-module@^1.0.0":
  "resolved" "https://registry.npmjs.org/parent-module/-/parent-module-1.0.0.tgz"
  "version" "1.0.0"
  dependencies:
    "callsites" "^3.0.0"

"parse-json@^2.2.0":
  "resolved" "https://registry.npmjs.org/parse-json/-/parse-json-2.2.0.tgz"
  "version" "2.2.0"
  dependencies:
    "error-ex" "^1.2.0"

"parse-uri@^1.0.0":
  "resolved" "https://registry.npmjs.org/parse-uri/-/parse-uri-1.0.0.tgz"
  "version" "1.0.0"

"path-exists@^3.0.0":
  "resolved" "https://registry.npmjs.org/path-exists/-/path-exists-3.0.0.tgz"
  "version" "3.0.0"

"path-is-absolute@^1.0.0":
  "resolved" "https://registry.npmjs.org/path-is-absolute/-/path-is-absolute-1.0.1.tgz"
  "version" "1.0.1"

"path-is-inside@^1.0.2":
  "resolved" "https://registry.npmjs.org/path-is-inside/-/path-is-inside-1.0.2.tgz"
  "version" "1.0.2"

"path-key@^2.0.1":
  "resolved" "https://registry.npmjs.org/path-key/-/path-key-2.0.1.tgz"
  "version" "2.0.1"

"path-parse@^1.0.6":
  "resolved" "https://registry.npmjs.org/path-parse/-/path-parse-1.0.6.tgz"
  "version" "1.0.6"

"path-type@^2.0.0":
  "resolved" "https://registry.npmjs.org/path-type/-/path-type-2.0.0.tgz"
  "version" "2.0.0"
  dependencies:
    "pify" "^2.0.0"

"pathfinding@^0.4.18":
  "integrity" "sha1-qZkPb6IrfvGW5WUbBJFlQDoEX+g="
  "resolved" "https://registry.npmjs.org/pathfinding/-/pathfinding-0.4.18.tgz"
  "version" "0.4.18"
  dependencies:
    "heap" "0.2.5"

"penner@^0.1.3":
  "integrity" "sha1-C4tILU6bOa8vPXw3WSIpuKzClwU="
  "resolved" "https://registry.npmjs.org/penner/-/penner-0.1.3.tgz"
  "version" "0.1.3"

"pify@^2.0.0":
  "resolved" "https://registry.npmjs.org/pify/-/pify-2.3.0.tgz"
  "version" "2.3.0"

"pixi-gl-core@^1.1.4":
  "resolved" "https://registry.npmjs.org/pixi-gl-core/-/pixi-gl-core-1.1.4.tgz"
  "version" "1.1.4"

"pixi-viewport@^3.21.2":
  "integrity" "sha512-v40XSuf8CedE/ifT6BDJUMofqYoFlUu3BysQAYKRdFbdHhFnYnLnGa7vC5HLibmxFuvjLk3eQLGT6ZIBVOxUYg=="
  "resolved" "https://registry.npmjs.org/pixi-viewport/-/pixi-viewport-3.21.2.tgz"
  "version" "3.21.2"
  dependencies:
    "eventemitter3" "^3.1.0"
    "penner" "^0.1.3"

"pixi.js@^4.8.7", "pixi.js@>=4.6.0":
  "integrity" "sha512-mx7YbHPkkWoj8FT3qBMkieAjBuuJ4yZWU7rq9NnCSUGpNrVlocrW179xrJQPVR2Q7JZ73ZGTwH7NOUZ9wgh7wA=="
  "resolved" "https://registry.npmjs.org/pixi.js/-/pixi.js-4.8.7.tgz"
  "version" "4.8.7"
  dependencies:
    "bit-twiddle" "^1.0.2"
    "earcut" "^2.1.4"
    "eventemitter3" "^2.0.0"
    "ismobilejs" "^0.5.1"
    "object-assign" "^4.0.1"
    "pixi-gl-core" "^1.1.4"
    "remove-array-items" "^1.0.0"
    "resource-loader" "^2.2.3"

"pkg-dir@^2.0.0":
  "resolved" "https://registry.npmjs.org/pkg-dir/-/pkg-dir-2.0.0.tgz"
  "version" "2.0.0"
  dependencies:
    "find-up" "^2.1.0"

"prelude-ls@~1.1.2":
  "resolved" "https://registry.npmjs.org/prelude-ls/-/prelude-ls-1.1.2.tgz"
  "version" "1.1.2"

"progress@^2.0.0":
  "resolved" "https://registry.npmjs.org/progress/-/progress-2.0.3.tgz"
  "version" "2.0.3"

"punycode@^2.1.0":
  "resolved" "https://registry.npmjs.org/punycode/-/punycode-2.1.1.tgz"
  "version" "2.1.1"

"punycode@1.3.2":
  "integrity" "sha1-llOgNvt8HuQjQvIyXM7v6jkmxI0="
  "resolved" "https://registry.npmjs.org/punycode/-/punycode-1.3.2.tgz"
  "version" "1.3.2"

"querystring@0.2.0":
  "integrity" "sha1-sgmEkgO7Jd+CDadW50cAWHhSFiA="
  "resolved" "https://registry.npmjs.org/querystring/-/querystring-0.2.0.tgz"
  "version" "0.2.0"

"read-pkg-up@^2.0.0":
  "resolved" "https://registry.npmjs.org/read-pkg-up/-/read-pkg-up-2.0.0.tgz"
  "version" "2.0.0"
  dependencies:
    "find-up" "^2.0.0"
    "read-pkg" "^2.0.0"

"read-pkg@^2.0.0":
  "resolved" "https://registry.npmjs.org/read-pkg/-/read-pkg-2.0.0.tgz"
  "version" "2.0.0"
  dependencies:
    "load-json-file" "^2.0.0"
    "normalize-package-data" "^2.3.2"
    "path-type" "^2.0.0"

"regexpp@^2.0.1":
  "resolved" "https://registry.npmjs.org/regexpp/-/regexpp-2.0.1.tgz"
  "version" "2.0.1"

"remove-array-items@^1.0.0":
  "resolved" "https://registry.npmjs.org/remove-array-items/-/remove-array-items-1.1.1.tgz"
  "version" "1.1.1"

"requirejs@^2.3.6":
  "integrity" "sha512-ipEzlWQe6RK3jkzikgCupiTbTvm4S0/CAU5GlgptkN5SO6F3u0UD0K18wy6ErDqiCyP4J4YYe1HuAShvsxePLg=="
  "resolved" "https://registry.npmjs.org/requirejs/-/requirejs-2.3.6.tgz"
  "version" "2.3.6"

"resolve-from@^4.0.0":
  "resolved" "https://registry.npmjs.org/resolve-from/-/resolve-from-4.0.0.tgz"
  "version" "4.0.0"

"resolve@^1.10.0", "resolve@^1.5.0", "resolve@^1.8.1", "resolve@^1.9.0":
  "resolved" "https://registry.npmjs.org/resolve/-/resolve-1.10.0.tgz"
  "version" "1.10.0"
  dependencies:
    "path-parse" "^1.0.6"

"resource-loader@^2.2.3":
  "resolved" "https://registry.npmjs.org/resource-loader/-/resource-loader-2.2.3.tgz"
  "version" "2.2.3"
  dependencies:
    "mini-signals" "^1.1.1"
    "parse-uri" "^1.0.0"

"restore-cursor@^2.0.0":
  "resolved" "https://registry.npmjs.org/restore-cursor/-/restore-cursor-2.0.0.tgz"
  "version" "2.0.0"
  dependencies:
    "onetime" "^2.0.0"
    "signal-exit" "^3.0.2"

"rimraf@2.6.3":
  "resolved" "https://registry.npmjs.org/rimraf/-/rimraf-2.6.3.tgz"
  "version" "2.6.3"
  dependencies:
    "glob" "^7.1.3"

"run-async@^2.2.0":
  "resolved" "https://registry.npmjs.org/run-async/-/run-async-2.3.0.tgz"
  "version" "2.3.0"
  dependencies:
    "is-promise" "^2.1.0"

"rxjs@^6.4.0":
  "resolved" "https://registry.npmjs.org/rxjs/-/rxjs-6.4.0.tgz"
  "version" "6.4.0"
  dependencies:
    "tslib" "^1.9.0"

"safer-buffer@>= 2.1.2 < 3":
  "resolved" "https://registry.npmjs.org/safer-buffer/-/safer-buffer-2.1.2.tgz"
  "version" "2.1.2"

"semver@^5.5.0", "semver@^5.5.1", "semver@2 || 3 || 4 || 5":
  "resolved" "https://registry.npmjs.org/semver/-/semver-5.6.0.tgz"
  "version" "5.6.0"

"shebang-command@^1.2.0":
  "resolved" "https://registry.npmjs.org/shebang-command/-/shebang-command-1.2.0.tgz"
  "version" "1.2.0"
  dependencies:
    "shebang-regex" "^1.0.0"

"shebang-regex@^1.0.0":
  "resolved" "https://registry.npmjs.org/shebang-regex/-/shebang-regex-1.0.0.tgz"
  "version" "1.0.0"

"signal-exit@^3.0.2":
  "resolved" "https://registry.npmjs.org/signal-exit/-/signal-exit-3.0.2.tgz"
  "version" "3.0.2"

"slice-ansi@^2.1.0":
  "resolved" "https://registry.npmjs.org/slice-ansi/-/slice-ansi-2.1.0.tgz"
  "version" "2.1.0"
  dependencies:
    "ansi-styles" "^3.2.0"
    "astral-regex" "^1.0.0"
    "is-fullwidth-code-point" "^2.0.0"

"spdx-correct@^3.0.0":
  "resolved" "https://registry.npmjs.org/spdx-correct/-/spdx-correct-3.1.0.tgz"
  "version" "3.1.0"
  dependencies:
    "spdx-expression-parse" "^3.0.0"
    "spdx-license-ids" "^3.0.0"

"spdx-exceptions@^2.1.0":
  "resolved" "https://registry.npmjs.org/spdx-exceptions/-/spdx-exceptions-2.2.0.tgz"
  "version" "2.2.0"

"spdx-expression-parse@^3.0.0":
  "resolved" "https://registry.npmjs.org/spdx-expression-parse/-/spdx-expression-parse-3.0.0.tgz"
  "version" "3.0.0"
  dependencies:
    "spdx-exceptions" "^2.1.0"
    "spdx-license-ids" "^3.0.0"

"spdx-license-ids@^3.0.0":
  "resolved" "https://registry.npmjs.org/spdx-license-ids/-/spdx-license-ids-3.0.3.tgz"
  "version" "3.0.3"

"sprintf-js@~1.0.2":
  "resolved" "https://registry.npmjs.org/sprintf-js/-/sprintf-js-1.0.3.tgz"
  "version" "1.0.3"

"string-width@^2.1.0":
  "resolved" "https://registry.npmjs.org/string-width/-/string-width-2.1.1.tgz"
  "version" "2.1.1"
  dependencies:
    "is-fullwidth-code-point" "^2.0.0"
    "strip-ansi" "^4.0.0"

"string-width@^3.0.0":
  "resolved" "https://registry.npmjs.org/string-width/-/string-width-3.1.0.tgz"
  "version" "3.1.0"
  dependencies:
    "emoji-regex" "^7.0.1"
    "is-fullwidth-code-point" "^2.0.0"
    "strip-ansi" "^5.1.0"

"strip-ansi@^4.0.0":
  "resolved" "https://registry.npmjs.org/strip-ansi/-/strip-ansi-4.0.0.tgz"
  "version" "4.0.0"
  dependencies:
    "ansi-regex" "^3.0.0"

"strip-ansi@^5.0.0":
  "resolved" "https://registry.npmjs.org/strip-ansi/-/strip-ansi-5.2.0.tgz"
  "version" "5.2.0"
  dependencies:
    "ansi-regex" "^4.1.0"

"strip-ansi@^5.1.0":
  "resolved" "https://registry.npmjs.org/strip-ansi/-/strip-ansi-5.2.0.tgz"
  "version" "5.2.0"
  dependencies:
    "ansi-regex" "^4.1.0"

"strip-bom@^3.0.0":
  "resolved" "https://registry.npmjs.org/strip-bom/-/strip-bom-3.0.0.tgz"
  "version" "3.0.0"

"strip-json-comments@^2.0.1":
  "resolved" "https://registry.npmjs.org/strip-json-comments/-/strip-json-comments-2.0.1.tgz"
  "version" "2.0.1"

"supports-color@^5.3.0":
  "resolved" "https://registry.npmjs.org/supports-color/-/supports-color-5.5.0.tgz"
  "version" "5.5.0"
  dependencies:
    "has-flag" "^3.0.0"

"table@^5.2.3":
  "resolved" "https://registry.npmjs.org/table/-/table-5.2.3.tgz"
  "version" "5.2.3"
  dependencies:
    "ajv" "^6.9.1"
    "lodash" "^4.17.11"
    "slice-ansi" "^2.1.0"
    "string-width" "^3.0.0"

"text-table@^0.2.0":
  "resolved" "https://registry.npmjs.org/text-table/-/text-table-0.2.0.tgz"
  "version" "0.2.0"

"through@^2.3.6":
  "resolved" "https://registry.npmjs.org/through/-/through-2.3.8.tgz"
  "version" "2.3.8"

"tmp@^0.0.33":
  "resolved" "https://registry.npmjs.org/tmp/-/tmp-0.0.33.tgz"
  "version" "0.0.33"
  dependencies:
    "os-tmpdir" "~1.0.2"

"tslib@^1.9.0":
  "resolved" "https://registry.npmjs.org/tslib/-/tslib-1.9.3.tgz"
  "version" "1.9.3"

"type-check@~0.3.2":
  "resolved" "https://registry.npmjs.org/type-check/-/type-check-0.3.2.tgz"
  "version" "0.3.2"
  dependencies:
    "prelude-ls" "~1.1.2"

"uri-js@^4.2.2":
  "resolved" "https://registry.npmjs.org/uri-js/-/uri-js-4.2.2.tgz"
  "version" "4.2.2"
  dependencies:
    "punycode" "^2.1.0"

"url@^0.11.0":
  "integrity" "sha1-ODjpfPxgUh63PFJajlW/3Z4uKPE="
  "resolved" "https://registry.npmjs.org/url/-/url-0.11.0.tgz"
  "version" "0.11.0"
  dependencies:
    "punycode" "1.3.2"
    "querystring" "0.2.0"

"validate-npm-package-license@^3.0.1":
  "resolved" "https://registry.npmjs.org/validate-npm-package-license/-/validate-npm-package-license-3.0.4.tgz"
  "version" "3.0.4"
  dependencies:
    "spdx-correct" "^3.0.0"
    "spdx-expression-parse" "^3.0.0"

"which@^1.2.9":
  "resolved" "https://registry.npmjs.org/which/-/which-1.3.1.tgz"
  "version" "1.3.1"
  dependencies:
    "isexe" "^2.0.0"

"wordwrap@~1.0.0":
  "resolved" "https://registry.npmjs.org/wordwrap/-/wordwrap-1.0.0.tgz"
  "version" "1.0.0"

"wrappy@1":
  "resolved" "https://registry.npmjs.org/wrappy/-/wrappy-1.0.2.tgz"
  "version" "1.0.2"

"write@1.0.3":
  "resolved" "https://registry.npmjs.org/write/-/write-1.0.3.tgz"
  "version" "1.0.3"
  dependencies:
    "mkdirp" "^0.5.1"
